
Microsoft Visual Studio Solution File, Format Version 12.00
# Visual Studio Version 16
VisualStudioVersion = 16.0.30523.141
MinimumVisualStudioVersion = 10.0.40219.1
Project("{FAE04EC0-301F-11D3-BF4B-00C04F79EFBC}") = "ReflClassLibrary", "ReflClassLibrary\ReflClassLibrary.csproj", "{278E3D11-CC35-4C78-A0AD-A2A4BEB6791D}"
EndProject
Project("{FAE04EC0-301F-11D3-BF4B-00C04F79EFBC}") = "ReflUtilizare", "ReflUtilizare\ReflUtilizare.csproj", "{4DC9F11C-F825-42B7-90C1-4EFF341FE53A}"
EndProject
Global
	GlobalSection(SolutionConfigurationPlatforms) = preSolution
		Debug|Any CPU = Debug|Any CPU
		Release|Any CPU = Release|Any CPU
	EndGlobalSection
	GlobalSection(ProjectConfigurationPlatforms) = postSolution
		{278E3D11-CC35-4C78-A0AD-A2A4BEB6791D}.Debug|Any CPU.ActiveCfg = Debug|Any CPU
		{278E3D11-CC35-4C78-A0AD-A2A4BEB6791D}.Debug|Any CPU.Build.0 = Debug|Any CPU
		{278E3D11-CC35-4C78-A0AD-A2A4BEB6791D}.Release|Any CPU.ActiveCfg = Release|Any CPU
		{278E3D11-CC35-4C78-A0AD-A2A4BEB6791D}.Release|Any CPU.Build.0 = Release|Any CPU
		{4DC9F11C-F825-42B7-90C1-4EFF341FE53A}.Debug|Any CPU.ActiveCfg = Debug|Any CPU
		{4DC9F11C-F825-42B7-90C1-4EFF341FE53A}.Debug|Any CPU.Build.0 = Debug|Any CPU
		{4DC9F11C-F825-42B7-90C1-4EFF341FE53A}.Release|Any CPU.ActiveCfg = Release|Any CPU
		{4DC9F11C-F825-42B7-90C1-4EFF341FE53A}.Release|Any CPU.Build.0 = Release|Any CPU
	EndGlobalSection
	GlobalSection(SolutionProperties) = preSolution
		HideSolutionNode = FALSE
	EndGlobalSection
	GlobalSection(ExtensibilityGlobals) = postSolution
		SolutionGuid = {516F6AEC-7E17-440F-93B8-DA3C0B7F3047}
	EndGlobalSection
EndGlobal
