
Microsoft Visual Studio Solution File, Format Version 12.00
# Visual Studio Version 16
VisualStudioVersion = 16.0.30523.141
MinimumVisualStudioVersion = 10.0.40219.1
Project("{FAE04EC0-301F-11D3-BF4B-00C04F79EFBC}") = "ReflEmit", "ReflEmit\ReflEmit.csproj", "{62AF69EB-1EE8-41A1-A85E-00BA5130829C}"
EndProject
Global
	GlobalSection(SolutionConfigurationPlatforms) = preSolution
		Debug|Any CPU = Debug|Any CPU
		Release|Any CPU = Release|Any CPU
	EndGlobalSection
	GlobalSection(ProjectConfigurationPlatforms) = postSolution
		{62AF69EB-1EE8-41A1-A85E-00BA5130829C}.Debug|Any CPU.ActiveCfg = Debug|Any CPU
		{62AF69EB-1EE8-41A1-A85E-00BA5130829C}.Debug|Any CPU.Build.0 = Debug|Any CPU
		{62AF69EB-1EE8-41A1-A85E-00BA5130829C}.Release|Any CPU.ActiveCfg = Release|Any CPU
		{62AF69EB-1EE8-41A1-A85E-00BA5130829C}.Release|Any CPU.Build.0 = Release|Any CPU
	EndGlobalSection
	GlobalSection(SolutionProperties) = preSolution
		HideSolutionNode = FALSE
	EndGlobalSection
	GlobalSection(ExtensibilityGlobals) = postSolution
		SolutionGuid = {FCB28948-E288-458F-8D61-5DB09084358E}
	EndGlobalSection
EndGlobal
